
Microsoft Visual Studio Solution File, Format Version 12.00
Project("{FAE04EC0-301F-11D3-BF4B-00C04F79EFBC}") = "Spare.Deco", "Spare.Deco\Spare.Deco.csproj", "{3D677F33-64E8-43B4-8388-154BC6CBB3B1}"
EndProject
Project("{FAE04EC0-301F-11D3-BF4B-00C04F79EFBC}") = "Spare.Test", "Spare.Test\Spare.Test.csproj", "{6B399DCF-4B8A-45C0-B263-588FE60D3CF6}"
EndProject
Project("{FAE04EC0-301F-11D3-BF4B-00C04F79EFBC}") = "Spare.Padder", "Spare.Padder\Spare.Padder.csproj", "{149FA04D-2942-4FCB-85A6-2C97FB589F07}"
EndProject
Project("{FAE04EC0-301F-11D3-BF4B-00C04F79EFBC}") = "Spare.Logger", "Spare.Logger\Spare.Logger.csproj", "{950F1AB1-7E3B-4237-9A42-B9737BE194A5}"
EndProject
Project("{FAE04EC0-301F-11D3-BF4B-00C04F79EFBC}") = "Spare", "Spare\Spare.csproj", "{AB89618D-11D5-43D2-8C7D-BE1F493AF284}"
EndProject
Global
	GlobalSection(SolutionConfigurationPlatforms) = preSolution
		Debug|Any CPU = Debug|Any CPU
		Release|Any CPU = Release|Any CPU
	EndGlobalSection
	GlobalSection(ProjectConfigurationPlatforms) = postSolution
		{3D677F33-64E8-43B4-8388-154BC6CBB3B1}.Debug|Any CPU.ActiveCfg = Debug|Any CPU
		{3D677F33-64E8-43B4-8388-154BC6CBB3B1}.Debug|Any CPU.Build.0 = Debug|Any CPU
		{3D677F33-64E8-43B4-8388-154BC6CBB3B1}.Release|Any CPU.ActiveCfg = Release|Any CPU
		{3D677F33-64E8-43B4-8388-154BC6CBB3B1}.Release|Any CPU.Build.0 = Release|Any CPU
		{6B399DCF-4B8A-45C0-B263-588FE60D3CF6}.Debug|Any CPU.ActiveCfg = Debug|Any CPU
		{6B399DCF-4B8A-45C0-B263-588FE60D3CF6}.Debug|Any CPU.Build.0 = Debug|Any CPU
		{6B399DCF-4B8A-45C0-B263-588FE60D3CF6}.Release|Any CPU.ActiveCfg = Release|Any CPU
		{6B399DCF-4B8A-45C0-B263-588FE60D3CF6}.Release|Any CPU.Build.0 = Release|Any CPU
		{149FA04D-2942-4FCB-85A6-2C97FB589F07}.Debug|Any CPU.ActiveCfg = Debug|Any CPU
		{149FA04D-2942-4FCB-85A6-2C97FB589F07}.Debug|Any CPU.Build.0 = Debug|Any CPU
		{149FA04D-2942-4FCB-85A6-2C97FB589F07}.Release|Any CPU.ActiveCfg = Release|Any CPU
		{149FA04D-2942-4FCB-85A6-2C97FB589F07}.Release|Any CPU.Build.0 = Release|Any CPU
		{950F1AB1-7E3B-4237-9A42-B9737BE194A5}.Debug|Any CPU.ActiveCfg = Debug|Any CPU
		{950F1AB1-7E3B-4237-9A42-B9737BE194A5}.Debug|Any CPU.Build.0 = Debug|Any CPU
		{950F1AB1-7E3B-4237-9A42-B9737BE194A5}.Release|Any CPU.ActiveCfg = Release|Any CPU
		{950F1AB1-7E3B-4237-9A42-B9737BE194A5}.Release|Any CPU.Build.0 = Release|Any CPU
		{AB89618D-11D5-43D2-8C7D-BE1F493AF284}.Debug|Any CPU.ActiveCfg = Debug|Any CPU
		{AB89618D-11D5-43D2-8C7D-BE1F493AF284}.Debug|Any CPU.Build.0 = Debug|Any CPU
		{AB89618D-11D5-43D2-8C7D-BE1F493AF284}.Release|Any CPU.ActiveCfg = Release|Any CPU
		{AB89618D-11D5-43D2-8C7D-BE1F493AF284}.Release|Any CPU.Build.0 = Release|Any CPU
	EndGlobalSection
EndGlobal
